// !$*UTF8*$!
{
	archiveVersion = 1;
	classes = {
	};
	objectVersion = 46;
	objects = {

/* Begin PBXBuildFile section */
		225F665D1BFA391D00C00679 /* AppDelegate.swift in Sources */ = {isa = PBXBuildFile; fileRef = 225F665C1BFA391D00C00679 /* AppDelegate.swift */; };
		225F665F1BFA391D00C00679 /* ViewController.swift in Sources */ = {isa = PBXBuildFile; fileRef = 225F665E1BFA391D00C00679 /* ViewController.swift */; };
		225F66621BFA391D00C00679 /* Main.storyboard in Resources */ = {isa = PBXBuildFile; fileRef = 225F66601BFA391D00C00679 /* Main.storyboard */; };
		225F66641BFA391D00C00679 /* Assets.xcassets in Resources */ = {isa = PBXBuildFile; fileRef = 225F66631BFA391D00C00679 /* Assets.xcassets */; };
		225F66671BFA391D00C00679 /* LaunchScreen.storyboard in Resources */ = {isa = PBXBuildFile; fileRef = 225F66651BFA391D00C00679 /* LaunchScreen.storyboard */; };
		225F66721BFA391E00C00679 /* aplicationTests.swift in Sources */ = {isa = PBXBuildFile; fileRef = 225F66711BFA391E00C00679 /* aplicationTests.swift */; };
		225F667D1BFA391E00C00679 /* aplicationUITests.swift in Sources */ = {isa = PBXBuildFile; fileRef = 225F667C1BFA391E00C00679 /* aplicationUITests.swift */; };
/* End PBXBuildFile section */

/* Begin PBXContainerItemProxy section */
		225F666E1BFA391E00C00679 /* PBXContainerItemProxy */ = {
			isa = PBXContainerItemProxy;
			containerPortal = 225F66511BFA391D00C00679 /* Project object */;
			proxyType = 1;
			remoteGlobalIDString = 225F66581BFA391D00C00679;
			remoteInfo = aplication;
		};
		225F66791BFA391E00C00679 /* PBXContainerItemProxy */ = {
			isa = PBXContainerItemProxy;
			containerPortal = 225F66511BFA391D00C00679 /* Project object */;
			proxyType = 1;
			remoteGlobalIDString = 225F66581BFA391D00C00679;
			remoteInfo = aplication;
		};
/* End PBXContainerItemProxy section */

/* Begin PBXFileReference section */
		225F66591BFA391D00C00679 /* aplication.app */ = {isa = PBXFileReference; explicitFileType = wrapper.application; includeInIndex = 0; path = aplication.app; sourceTree = BUILT_PRODUCTS_DIR; };
		225F665C1BFA391D00C00679 /* AppDelegate.swift */ = {isa = PBXFileReference; lastKnownFileType = sourcecode.swift; path = AppDelegate.swift; sourceTree = "<group>"; };
		225F665E1BFA391D00C00679 /* ViewController.swift */ = {isa = PBXFileReference; lastKnownFileType = sourcecode.swift; path = ViewController.swift; sourceTree = "<group>"; };
		225F66611BFA391D00C00679 /* Base */ = {isa = PBXFileReference; lastKnownFileType = file.storyboard; name = Base; path = Base.lproj/Main.storyboard; sourceTree = "<group>"; };
		225F66631BFA391D00C00679 /* Assets.xcassets */ = {isa = PBXFileReference; lastKnownFileType = folder.assetcatalog; path = Assets.xcassets; sourceTree = "<group>"; };
		225F66661BFA391D00C00679 /* Base */ = {isa = PBXFileReference; lastKnownFileType = file.storyboard; name = Base; path = Base.lproj/LaunchScreen.storyboard; sourceTree = "<group>"; };
		225F66681BFA391D00C00679 /* Info.plist */ = {isa = PBXFileReference; lastKnownFileType = text.plist.xml; path = Info.plist; sourceTree = "<group>"; };
		225F666D1BFA391E00C00679 /* aplicationTests.xctest */ = {isa = PBXFileReference; explicitFileType = wrapper.cfbundle; includeInIndex = 0; path = aplicationTests.xctest; sourceTree = BUILT_PRODUCTS_DIR; };
		225F66711BFA391E00C00679 /* aplicationTests.swift */ = {isa = PBXFileReference; lastKnownFileType = sourcecode.swift; path = aplicationTests.swift; sourceTree = "<group>"; };
		225F66731BFA391E00C00679 /* Info.plist */ = {isa = PBXFileReference; lastKnownFileType = text.plist.xml; path = Info.plist; sourceTree = "<group>"; };
		225F66781BFA391E00C00679 /* aplicationUITests.xctest */ = {isa = PBXFileReference; explicitFileType = wrapper.cfbundle; includeInIndex = 0; path = aplicationUITests.xctest; sourceTree = BUILT_PRODUCTS_DIR; };
		225F667C1BFA391E00C00679 /* aplicationUITests.swift */ = {isa = PBXFileReference; lastKnownFileType = sourcecode.swift; path = aplicationUITests.swift; sourceTree = "<group>"; };
		225F667E1BFA391E00C00679 /* Info.plist */ = {isa = PBXFileReference; lastKnownFileType = text.plist.xml; path = Info.plist; sourceTree = "<group>"; };
/* End PBXFileReference section */

/* Begin PBXFrameworksBuildPhase section */
		225F66561BFA391D00C00679 /* Frameworks */ = {
			isa = PBXFrameworksBuildPhase;
			buildActionMask = 2147483647;
			files = (
			);
			runOnlyForDeploymentPostprocessing = 0;
		};
		225F666A1BFA391E00C00679 /* Frameworks */ = {
			isa = PBXFrameworksBuildPhase;
			buildActionMask = 2147483647;
			files = (
			);
			runOnlyForDeploymentPostprocessing = 0;
		};
		225F66751BFA391E00C00679 /* Frameworks */ = {
			isa = PBXFrameworksBuildPhase;
			buildActionMask = 2147483647;
			files = (
			);
			runOnlyForDeploymentPostprocessing = 0;
		};
/* End PBXFrameworksBuildPhase section */

/* Begin PBXGroup section */
		225F66501BFA391D00C00679 = {
			isa = PBXGroup;
			children = (
				225F665B1BFA391D00C00679 /* aplication */,
				225F66701BFA391E00C00679 /* aplicationTests */,
				225F667B1BFA391E00C00679 /* aplicationUITests */,
				225F665A1BFA391D00C00679 /* Products */,
			);
			sourceTree = "<group>";
		};
		225F665A1BFA391D00C00679 /* Products */ = {
			isa = PBXGroup;
			children = (
				225F66591BFA391D00C00679 /* aplication.app */,
				225F666D1BFA391E00C00679 /* aplicationTests.xctest */,
				225F66781BFA391E00C00679 /* aplicationUITests.xctest */,
			);
			name = Products;
			sourceTree = "<group>";
		};
		225F665B1BFA391D00C00679 /* aplication */ = {
			isa = PBXGroup;
			children = (
				225F665C1BFA391D00C00679 /* AppDelegate.swift */,
				225F665E1BFA391D00C00679 /* ViewController.swift */,
				225F66601BFA391D00C00679 /* Main.storyboard */,
				225F66631BFA391D00C00679 /* Assets.xcassets */,
				225F66651BFA391D00C00679 /* LaunchScreen.storyboard */,
				225F66681BFA391D00C00679 /* Info.plist */,
			);
			path = aplication;
			sourceTree = "<group>";
		};
		225F66701BFA391E00C00679 /* aplicationTests */ = {
			isa = PBXGroup;
			children = (
				225F66711BFA391E00C00679 /* aplicationTests.swift */,
				225F66731BFA391E00C00679 /* Info.plist */,
			);
			path = aplicationTests;
			sourceTree = "<group>";
		};
		225F667B1BFA391E00C00679 /* aplicationUITests */ = {
			isa = PBXGroup;
			children = (
				225F667C1BFA391E00C00679 /* aplicationUITests.swift */,
				225F667E1BFA391E00C00679 /* Info.plist */,
			);
			path = aplicationUITests;
			sourceTree = "<group>";
		};
/* End PBXGroup section */

/* Begin PBXNativeTarget section */
		225F66581BFA391D00C00679 /* aplication */ = {
			isa = PBXNativeTarget;
			buildConfigurationList = 225F66811BFA391E00C00679 /* Build configuration list for PBXNativeTarget "aplication" */;
			buildPhases = (
				225F66551BFA391D00C00679 /* Sources */,
				225F66561BFA391D00C00679 /* Frameworks */,
				225F66571BFA391D00C00679 /* Resources */,
			);
			buildRules = (
			);
			dependencies = (
			);
			name = aplication;
			productName = aplication;
			productReference = 225F66591BFA391D00C00679 /* aplication.app */;
			productType = "com.apple.product-type.application";
		};
		225F666C1BFA391E00C00679 /* aplicationTests */ = {
			isa = PBXNativeTarget;
			buildConfigurationList = 225F66841BFA391E00C00679 /* Build configuration list for PBXNativeTarget "aplicationTests" */;
			buildPhases = (
				225F66691BFA391E00C00679 /* Sources */,
				225F666A1BFA391E00C00679 /* Frameworks */,
				225F666B1BFA391E00C00679 /* Resources */,
			);
			buildRules = (
			);
			dependencies = (
				225F666F1BFA391E00C00679 /* PBXTargetDependency */,
			);
			name = aplicationTests;
			productName = aplicationTests;
			productReference = 225F666D1BFA391E00C00679 /* aplicationTests.xctest */;
			productType = "com.apple.product-type.bundle.unit-test";
		};
		225F66771BFA391E00C00679 /* aplicationUITests */ = {
			isa = PBXNativeTarget;
			buildConfigurationList = 225F66871BFA391E00C00679 /* Build configuration list for PBXNativeTarget "aplicationUITests" */;
			buildPhases = (
				225F66741BFA391E00C00679 /* Sources */,
				225F66751BFA391E00C00679 /* Frameworks */,
				225F66761BFA391E00C00679 /* Resources */,
			);
			buildRules = (
			);
			dependencies = (
				225F667A1BFA391E00C00679 /* PBXTargetDependency */,
			);
			name = aplicationUITests;
			productName = aplicationUITests;
			productReference = 225F66781BFA391E00C00679 /* aplicationUITests.xctest */;
			productType = "com.apple.product-type.bundle.ui-testing";
		};
/* End PBXNativeTarget section */

/* Begin PBXProject section */
		225F66511BFA391D00C00679 /* Project object */ = {
			isa = PBXProject;
			attributes = {
				LastSwiftUpdateCheck = 0710;
				LastUpgradeCheck = 0710;
				ORGANIZATIONNAME = mauricio;
				TargetAttributes = {
					225F66581BFA391D00C00679 = {
						CreatedOnToolsVersion = 7.1;
						DevelopmentTeam = RC8H97QM9X;
					};
					225F666C1BFA391E00C00679 = {
						CreatedOnToolsVersion = 7.1;
						DevelopmentTeam = RC8H97QM9X;
						TestTargetID = 225F66581BFA391D00C00679;
					};
					225F66771BFA391E00C00679 = {
						CreatedOnToolsVersion = 7.1;
						DevelopmentTeam = RC8H97QM9X;
						TestTargetID = 225F66581BFA391D00C00679;
					};
				};
			};
			buildConfigurationList = 225F66541BFA391D00C00679 /* Build configuration list for PBXProject "aplication" */;
			compatibilityVersion = "Xcode 3.2";
			developmentRegion = English;
			hasScannedForEncodings = 0;
			knownRegions = (
				en,
				Base,
			);
			mainGroup = 225F66501BFA391D00C00679;
			productRefGroup = 225F665A1BFA391D00C00679 /* Products */;
			projectDirPath = "";
			projectRoot = "";
			targets = (
				225F66581BFA391D00C00679 /* aplication */,
				225F666C1BFA391E00C00679 /* aplicationTests */,
				225F66771BFA391E00C00679 /* aplicationUITests */,
			);
		};
/* End PBXProject section */

/* Begin PBXResourcesBuildPhase section */
		225F66571BFA391D00C00679 /* Resources */ = {
			isa = PBXResourcesBuildPhase;
			buildActionMask = 2147483647;
			files = (
				225F66671BFA391D00C00679 /* LaunchScreen.storyboard in Resources */,
				225F66641BFA391D00C00679 /* Assets.xcassets in Resources */,
				225F66621BFA391D00C00679 /* Main.storyboard in Resources */,
			);
			runOnlyForDeploymentPostprocessing = 0;
		};
		225F666B1BFA391E00C00679 /* Resources */ = {
			isa = PBXResourcesBuildPhase;
			buildActionMask = 2147483647;
			files = (
			);
			runOnlyForDeploymentPostprocessing = 0;
		};
		225F66761BFA391E00C00679 /* Resources */ = {
			isa = PBXResourcesBuildPhase;
			buildActionMask = 2147483647;
			files = (
			);
			runOnlyForDeploymentPostprocessing = 0;
		};
/* End PBXResourcesBuildPhase section */

/* Begin PBXSourcesBuildPhase section */
		225F66551BFA391D00C00679 /* Sources */ = {
			isa = PBXSourcesBuildPhase;
			buildActionMask = 2147483647;
			files = (
				225F665F1BFA391D00C00679 /* ViewController.swift in Sources */,
				225F665D1BFA391D00C00679 /* AppDelegate.swift in Sources */,
			);
			runOnlyForDeploymentPostprocessing = 0;
		};
		225F66691BFA391E00C00679 /* Sources */ = {
			isa = PBXSourcesBuildPhase;
			buildActionMask = 2147483647;
			files = (
				225F66721BFA391E00C00679 /* aplicationTests.swift in Sources */,
			);
			runOnlyForDeploymentPostprocessing = 0;
		};
		225F66741BFA391E00C00679 /* Sources */ = {
			isa = PBXSourcesBuildPhase;
			buildActionMask = 2147483647;
			files = (
				225F667D1BFA391E00C00679 /* aplicationUITests.swift in Sources */,
			);
			runOnlyForDeploymentPostprocessing = 0;
		};
/* End PBXSourcesBuildPhase section */

/* Begin PBXTargetDependency section */
		225F666F1BFA391E00C00679 /* PBXTargetDependency */ = {
			isa = PBXTargetDependency;
			target = 225F66581BFA391D00C00679 /* aplication */;
			targetProxy = 225F666E1BFA391E00C00679 /* PBXContainerItemProxy */;
		};
		225F667A1BFA391E00C00679 /* PBXTargetDependency */ = {
			isa = PBXTargetDependency;
			target = 225F66581BFA391D00C00679 /* aplication */;
			targetProxy = 225F66791BFA391E00C00679 /* PBXContainerItemProxy */;
		};
/* End PBXTargetDependency section */

/* Begin PBXVariantGroup section */
		225F66601BFA391D00C00679 /* Main.storyboard */ = {
			isa = PBXVariantGroup;
			children = (
				225F66611BFA391D00C00679 /* Base */,
			);
			name = Main.storyboard;
			sourceTree = "<group>";
		};
		225F66651BFA391D00C00679 /* LaunchScreen.storyboard */ = {
			isa = PBXVariantGroup;
			children = (
				225F66661BFA391D00C00679 /* Base */,
			);
			name = LaunchScreen.storyboard;
			sourceTree = "<group>";
		};
/* End PBXVariantGroup section */

/* Begin XCBuildConfiguration section */
		225F667F1BFA391E00C00679 /* Debug */ = {
			isa = XCBuildConfiguration;
			buildSettings = {
				ALWAYS_SEARCH_USER_PATHS = NO;
				CLANG_CXX_LANGUAGE_STANDARD = "gnu++0x";
				CLANG_CXX_LIBRARY = "libc++";
				CLANG_ENABLE_MODULES = YES;
				CLANG_ENABLE_OBJC_ARC = YES;
				CLANG_WARN_BOOL_CONVERSION = YES;
				CLANG_WARN_CONSTANT_CONVERSION = YES;
				CLANG_WARN_DIRECT_OBJC_ISA_USAGE = YES_ERROR;
				CLANG_WARN_EMPTY_BODY = YES;
				CLANG_WARN_ENUM_CONVERSION = YES;
				CLANG_WARN_INT_CONVERSION = YES;
				CLANG_WARN_OBJC_ROOT_CLASS = YES_ERROR;
				CLANG_WARN_UNREACHABLE_CODE = YES;
				CLANG_WARN__DUPLICATE_METHOD_MATCH = YES;
				"CODE_SIGN_IDENTITY[sdk=iphoneos*]" = "iPhone Developer";
				COPY_PHASE_STRIP = NO;
				DEBUG_INFORMATION_FORMAT = dwarf;
				ENABLE_STRICT_OBJC_MSGSEND = YES;
				ENABLE_TESTABILITY = YES;
				GCC_C_LANGUAGE_STANDARD = gnu99;
				GCC_DYNAMIC_NO_PIC = NO;
				GCC_NO_COMMON_BLOCKS = YES;
				GCC_OPTIMIZATION_LEVEL = 0;
				GCC_PREPROCESSOR_DEFINITIONS = (
					"DEBUG=1",
					"$(inherited)",
				);
				GCC_WARN_64_TO_32_BIT_CONVERSION = YES;
				GCC_WARN_ABOUT_RETURN_TYPE = YES_ERROR;
				GCC_WARN_UNDECLARED_SELECTOR = YES;
				GCC_WARN_UNINITIALIZED_AUTOS = YES_AGGRESSIVE;
				GCC_WARN_UNUSED_FUNCTION = YES;
				GCC_WARN_UNUSED_VARIABLE = YES;
				IPHONEOS_DEPLOYMENT_TARGET = 9.1;
				MTL_ENABLE_DEBUG_INFO = YES;
				ONLY_ACTIVE_ARCH = YES;
				SDKROOT = iphoneos;
				SWIFT_OPTIMIZATION_LEVEL = "-Onone";
			};
			name = Debug;
		};
		225F66801BFA391E00C00679 /* Release */ = {
			isa = XCBuildConfiguration;
			buildSettings = {
				ALWAYS_SEARCH_USER_PATHS = NO;
				CLANG_CXX_LANGUAGE_STANDARD = "gnu++0x";
				CLANG_CXX_LIBRARY = "libc++";
				CLANG_ENABLE_MODULES = YES;
				CLANG_ENABLE_OBJC_ARC = YES;
				CLANG_WARN_BOOL_CONVERSION = YES;
				CLANG_WARN_CONSTANT_CONVERSION = YES;
				CLANG_WARN_DIRECT_OBJC_ISA_USAGE = YES_ERROR;
				CLANG_WARN_EMPTY_BODY = YES;
				CLANG_WARN_ENUM_CONVERSION = YES;
				CLANG_WARN_INT_CONVERSION = YES;
				CLANG_WARN_OBJC_ROOT_CLASS = YES_ERROR;
				CLANG_WARN_UNREACHABLE_CODE = YES;
				CLANG_WARN__DUPLICATE_METHOD_MATCH = YES;
				"CODE_SIGN_IDENTITY[sdk=iphoneos*]" = "iPhone Developer";
				COPY_PHASE_STRIP = NO;
				DEBUG_INFORMATION_FORMAT = "dwarf-with-dsym";
				ENABLE_NS_ASSERTIONS = NO;
				ENABLE_STRICT_OBJC_MSGSEND = YES;
				GCC_C_LANGUAGE_STANDARD = gnu99;
				GCC_NO_COMMON_BLOCKS = YES;
				GCC_WARN_64_TO_32_BIT_CONVERSION = YES;
				GCC_WARN_ABOUT_RETURN_TYPE = YES_ERROR;
				GCC_WARN_UNDECLARED_SELECTOR = YES;
				GCC_WARN_UNINITIALIZED_AUTOS = YES_AGGRESSIVE;
				GCC_WARN_UNUSED_FUNCTION = YES;
				GCC_WARN_UNUSED_VARIABLE = YES;
				IPHONEOS_DEPLOYMENT_TARGET = 9.1;
				MTL_ENABLE_DEBUG_INFO = NO;
				SDKROOT = iphoneos;
				VALIDATE_PRODUCT = YES;
			};
			name = Release;
		};
		225F66821BFA391E00C00679 /* Debug */ = {
			isa = XCBuildConfiguration;
			buildSettings = {
				ASSETCATALOG_COMPILER_APPICON_NAME = AppIcon;
				INFOPLIST_FILE = aplication/Info.plist;
				LD_RUNPATH_SEARCH_PATHS = "$(inherited) @executable_path/Frameworks";
				PRODUCT_BUNDLE_IDENTIFIER = com.cladian.aplication;
				PRODUCT_NAME = "$(TARGET_NAME)";
			};
			name = Debug;
		};
		225F66831BFA391E00C00679 /* Release */ = {
			isa = XCBuildConfiguration;
			buildSettings = {
				ASSETCATALOG_COMPILER_APPICON_NAME = AppIcon;
				INFOPLIST_FILE = aplication/Info.plist;
				LD_RUNPATH_SEARCH_PATHS = "$(inherited) @executable_path/Frameworks";
				PRODUCT_BUNDLE_IDENTIFIER = com.cladian.aplication;
				PRODUCT_NAME = "$(TARGET_NAME)";
			};
			name = Release;
		};
		225F66851BFA391E00C00679 /* Debug */ = {
			isa = XCBuildConfiguration;
			buildSettings = {
				BUNDLE_LOADER = "$(TEST_HOST)";
				INFOPLIST_FILE = aplicationTests/Info.plist;
				LD_RUNPATH_SEARCH_PATHS = "$(inherited) @executable_path/Frameworks @loader_path/Frameworks";
				PRODUCT_BUNDLE_IDENTIFIER = com.cladian.aplicationTests;
				PRODUCT_NAME = "$(TARGET_NAME)";
				TEST_HOST = "$(BUILT_PRODUCTS_DIR)/aplication.app/aplication";
			};
			name = Debug;
		};
		225F66861BFA391E00C00679 /* Release */ = {
			isa = XCBuildConfiguration;
			buildSettings = {
				BUNDLE_LOADER = "$(TEST_HOST)";
				INFOPLIST_FILE = aplicationTests/Info.plist;
				LD_RUNPATH_SEARCH_PATHS = "$(inherited) @executable_path/Frameworks @loader_path/Frameworks";
				PRODUCT_BUNDLE_IDENTIFIER = com.cladian.aplicationTests;
				PRODUCT_NAME = "$(TARGET_NAME)";
				TEST_HOST = "$(BUILT_PRODUCTS_DIR)/aplication.app/aplication";
			};
			name = Release;
		};
		225F66881BFA391E00C00679 /* Debug */ = {
			isa = XCBuildConfiguration;
			buildSettings = {
				INFOPLIST_FILE = aplicationUITests/Info.plist;
				LD_RUNPATH_SEARCH_PATHS = "$(inherited) @executable_path/Frameworks @loader_path/Frameworks";
				PRODUCT_BUNDLE_IDENTIFIER = com.cladian.aplicationUITests;
				PRODUCT_NAME = "$(TARGET_NAME)";
				TEST_TARGET_NAME = aplication;
				USES_XCTRUNNER = YES;
			};
			name = Debug;
		};
		225F66891BFA391E00C00679 /* Release */ = {
			isa = XCBuildConfiguration;
			buildSettings = {
				INFOPLIST_FILE = aplicationUITests/Info.plist;
				LD_RUNPATH_SEARCH_PATHS = "$(inherited) @executable_path/Frameworks @loader_path/Frameworks";
				PRODUCT_BUNDLE_IDENTIFIER = com.cladian.aplicationUITests;
				PRODUCT_NAME = "$(TARGET_NAME)";
				TEST_TARGET_NAME = aplication;
				USES_XCTRUNNER = YES;
			};
			name = Release;
		};
/* End XCBuildConfiguration section */

/* Begin XCConfigurationList section */
		225F66541BFA391D00C00679 /* Build configuration list for PBXProject "aplication" */ = {
			isa = XCConfigurationList;
			buildConfigurations = (
				225F667F1BFA391E00C00679 /* Debug */,
				225F66801BFA391E00C00679 /* Release */,
			);
			defaultConfigurationIsVisible = 0;
			defaultConfigurationName = Release;
		};
		225F66811BFA391E00C00679 /* Build configuration list for PBXNativeTarget "aplication" */ = {
			isa = XCConfigurationList;
			buildConfigurations = (
				225F66821BFA391E00C00679 /* Debug */,
				225F66831BFA391E00C00679 /* Release */,
			);
			defaultConfigurationIsVisible = 0;
		};
		225F66841BFA391E00C00679 /* Build configuration list for PBXNativeTarget "aplicationTests" */ = {
			isa = XCConfigurationList;
			buildConfigurations = (
				225F66851BFA391E00C00679 /* Debug */,
				225F66861BFA391E00C00679 /* Release */,
			);
			defaultConfigurationIsVisible = 0;
		};
		225F66871BFA391E00C00679 /* Build configuration list for PBXNativeTarget "aplicationUITests" */ = {
			isa = XCConfigurationList;
			buildConfigurations = (
				225F66881BFA391E00C00679 /* Debug */,
				225F66891BFA391E00C00679 /* Release */,
			);
			defaultConfigurationIsVisible = 0;
		};
/* End XCConfigurationList section */
	};
	rootObject = 225F66511BFA391D00C00679 /* Project object */;
}
